// !$*UTF8*$!
{
	archiveVersion = 1;
	classes = {
	};
	objectVersion = 50;
	objects = {

/* Begin PBXBuildFile section */
		36CAFC9920B018EB00E5F359 /* AppDelegate.swift in Sources */ = {isa = PBXBuildFile; fileRef = 36CAFC9820B018EB00E5F359 /* AppDelegate.swift */; };
		36CAFC9B20B018EB00E5F359 /* MainScreenViewController.swift in Sources */ = {isa = PBXBuildFile; fileRef = 36CAFC9A20B018EB00E5F359 /* MainScreenViewController.swift */; };
		36CAFCA020B018ED00E5F359 /* Assets.xcassets in Resources */ = {isa = PBXBuildFile; fileRef = 36CAFC9F20B018ED00E5F359 /* Assets.xcassets */; };
		36CAFCAB20B018ED00E5F359 /* MotionDetectionGameTests.swift in Sources */ = {isa = PBXBuildFile; fileRef = 36CAFCAA20B018ED00E5F359 /* MotionDetectionGameTests.swift */; };
		36CAFCBC20B01A5700E5F359 /* AppDelegate.swift in Sources */ = {isa = PBXBuildFile; fileRef = 36CAFCBB20B01A5700E5F359 /* AppDelegate.swift */; };
		36CAFCBE20B01A5700E5F359 /* HandleScreenViewController.swift in Sources */ = {isa = PBXBuildFile; fileRef = 36CAFCBD20B01A5700E5F359 /* HandleScreenViewController.swift */; };
		36CAFCC320B01A5700E5F359 /* Assets.xcassets in Resources */ = {isa = PBXBuildFile; fileRef = 36CAFCC220B01A5700E5F359 /* Assets.xcassets */; };
		36CAFCC620B01A5700E5F359 /* LaunchScreen.storyboard in Resources */ = {isa = PBXBuildFile; fileRef = 36CAFCC420B01A5700E5F359 /* LaunchScreen.storyboard */; };
		36CAFCD120B01A5800E5F359 /* MotionDetectionHandleTests.swift in Sources */ = {isa = PBXBuildFile; fileRef = 36CAFCD020B01A5800E5F359 /* MotionDetectionHandleTests.swift */; };
		36CAFCDB20B0346100E5F359 /* HandleScreen.xib in Resources */ = {isa = PBXBuildFile; fileRef = 36CAFCDA20B0346100E5F359 /* HandleScreen.xib */; };
		36CAFCDE20B035ED00E5F359 /* Application.swift in Sources */ = {isa = PBXBuildFile; fileRef = 36CAFCDD20B035ED00E5F359 /* Application.swift */; };
		36CAFCE420B036A700E5F359 /* Application.swift in Sources */ = {isa = PBXBuildFile; fileRef = 36CAFCE320B036A700E5F359 /* Application.swift */; };
		36CAFCF620B03A0000E5F359 /* Common.framework in Frameworks */ = {isa = PBXBuildFile; fileRef = 36CAFCED20B03A0000E5F359 /* Common.framework */; };
		36CAFCFD20B03A0000E5F359 /* CommonTests.swift in Sources */ = {isa = PBXBuildFile; fileRef = 36CAFCFC20B03A0000E5F359 /* CommonTests.swift */; };
		36CAFCFF20B03A0000E5F359 /* Common.h in Headers */ = {isa = PBXBuildFile; fileRef = 36CAFCEF20B03A0000E5F359 /* Common.h */; settings = {ATTRIBUTES = (Public, ); }; };
		36CAFD0220B03A0000E5F359 /* Common.framework in Frameworks */ = {isa = PBXBuildFile; fileRef = 36CAFCED20B03A0000E5F359 /* Common.framework */; };
		36CAFD0320B03A0000E5F359 /* Common.framework in Embed Frameworks */ = {isa = PBXBuildFile; fileRef = 36CAFCED20B03A0000E5F359 /* Common.framework */; settings = {ATTRIBUTES = (CodeSignOnCopy, RemoveHeadersOnCopy, ); }; };
		36CAFD1020B03D8300E5F359 /* Main.storyboard in Resources */ = {isa = PBXBuildFile; fileRef = 36CAFD0F20B03D8300E5F359 /* Main.storyboard */; };
		36CAFD2120B06AE200E5F359 /* PMotionWorkoutManager.swift in Sources */ = {isa = PBXBuildFile; fileRef = 36CAFD1220B06AE100E5F359 /* PMotionWorkoutManager.swift */; };
		36CAFD2220B06AE200E5F359 /* TennisMotionWorkoutManager.swift in Sources */ = {isa = PBXBuildFile; fileRef = 36CAFD1320B06AE100E5F359 /* TennisMotionWorkoutManager.swift */; };
		36CAFD2420B06AE200E5F359 /* PMotionSampler.swift in Sources */ = {isa = PBXBuildFile; fileRef = 36CAFD1820B06AE200E5F359 /* PMotionSampler.swift */; };
		36CAFD2520B06AE200E5F359 /* TennisMotionSampler.swift in Sources */ = {isa = PBXBuildFile; fileRef = 36CAFD1920B06AE200E5F359 /* TennisMotionSampler.swift */; };
		36CAFD2620B06AE200E5F359 /* MotionSample.swift in Sources */ = {isa = PBXBuildFile; fileRef = 36CAFD1B20B06AE200E5F359 /* MotionSample.swift */; };
		36CAFD2720B06AE200E5F359 /* TennisMotionSample.swift in Sources */ = {isa = PBXBuildFile; fileRef = 36CAFD1C20B06AE200E5F359 /* TennisMotionSample.swift */; };
		36CAFD2820B06AE200E5F359 /* PSamplingBuffer.swift in Sources */ = {isa = PBXBuildFile; fileRef = 36CAFD1E20B06AE200E5F359 /* PSamplingBuffer.swift */; };
		36CAFD2920B06AE200E5F359 /* SamplingBuffer.swift in Sources */ = {isa = PBXBuildFile; fileRef = 36CAFD1F20B06AE200E5F359 /* SamplingBuffer.swift */; };
		36CAFD2A20B06AE200E5F359 /* TennisSamplingBuffer.swift in Sources */ = {isa = PBXBuildFile; fileRef = 36CAFD2020B06AE200E5F359 /* TennisSamplingBuffer.swift */; };
		36CAFD3120B06BBD00E5F359 /* AppCommunicationManager.swift in Sources */ = {isa = PBXBuildFile; fileRef = 36CAFD2E20B06B6000E5F359 /* AppCommunicationManager.swift */; };
		36CAFD3620B06F3500E5F359 /* Types.swift in Sources */ = {isa = PBXBuildFile; fileRef = 36CAFD3320B06F1F00E5F359 /* Types.swift */; };
/* End PBXBuildFile section */

/* Begin PBXContainerItemProxy section */
		36CAFCA720B018ED00E5F359 /* PBXContainerItemProxy */ = {
			isa = PBXContainerItemProxy;
			containerPortal = 36CAFC8D20B018EB00E5F359 /* Project object */;
			proxyType = 1;
			remoteGlobalIDString = 36CAFC9420B018EB00E5F359;
			remoteInfo = MotionDetectionGame;
		};
		36CAFCCD20B01A5800E5F359 /* PBXContainerItemProxy */ = {
			isa = PBXContainerItemProxy;
			containerPortal = 36CAFC8D20B018EB00E5F359 /* Project object */;
			proxyType = 1;
			remoteGlobalIDString = 36CAFCB820B01A5700E5F359;
			remoteInfo = MotionDetectionHandle;
		};
		36CAFCF720B03A0000E5F359 /* PBXContainerItemProxy */ = {
			isa = PBXContainerItemProxy;
			containerPortal = 36CAFC8D20B018EB00E5F359 /* Project object */;
			proxyType = 1;
			remoteGlobalIDString = 36CAFCEC20B03A0000E5F359;
			remoteInfo = Common;
		};
		36CAFCF920B03A0000E5F359 /* PBXContainerItemProxy */ = {
			isa = PBXContainerItemProxy;
			containerPortal = 36CAFC8D20B018EB00E5F359 /* Project object */;
			proxyType = 1;
			remoteGlobalIDString = 36CAFCB820B01A5700E5F359;
			remoteInfo = MotionDetectionHandle;
		};
		36CAFD0020B03A0000E5F359 /* PBXContainerItemProxy */ = {
			isa = PBXContainerItemProxy;
			containerPortal = 36CAFC8D20B018EB00E5F359 /* Project object */;
			proxyType = 1;
			remoteGlobalIDString = 36CAFCEC20B03A0000E5F359;
			remoteInfo = Common;
		};
/* End PBXContainerItemProxy section */

/* Begin PBXCopyFilesBuildPhase section */
		36CAFD0720B03A0000E5F359 /* Embed Frameworks */ = {
			isa = PBXCopyFilesBuildPhase;
			buildActionMask = 2147483647;
			dstPath = "";
			dstSubfolderSpec = 10;
			files = (
				36CAFD0320B03A0000E5F359 /* Common.framework in Embed Frameworks */,
			);
			name = "Embed Frameworks";
			runOnlyForDeploymentPostprocessing = 0;
		};
/* End PBXCopyFilesBuildPhase section */

/* Begin PBXFileReference section */
		36CAFC9520B018EB00E5F359 /* MotionDetectionGame.app */ = {isa = PBXFileReference; explicitFileType = wrapper.application; includeInIndex = 0; path = MotionDetectionGame.app; sourceTree = BUILT_PRODUCTS_DIR; };
		36CAFC9820B018EB00E5F359 /* AppDelegate.swift */ = {isa = PBXFileReference; lastKnownFileType = sourcecode.swift; path = AppDelegate.swift; sourceTree = "<group>"; };
		36CAFC9A20B018EB00E5F359 /* MainScreenViewController.swift */ = {isa = PBXFileReference; lastKnownFileType = sourcecode.swift; path = MainScreenViewController.swift; sourceTree = "<group>"; };
		36CAFC9F20B018ED00E5F359 /* Assets.xcassets */ = {isa = PBXFileReference; lastKnownFileType = folder.assetcatalog; path = Assets.xcassets; sourceTree = "<group>"; };
		36CAFCA120B018ED00E5F359 /* Info.plist */ = {isa = PBXFileReference; lastKnownFileType = text.plist.xml; path = Info.plist; sourceTree = "<group>"; };
		36CAFCA620B018ED00E5F359 /* MotionDetectionGameTests.xctest */ = {isa = PBXFileReference; explicitFileType = wrapper.cfbundle; includeInIndex = 0; path = MotionDetectionGameTests.xctest; sourceTree = BUILT_PRODUCTS_DIR; };
		36CAFCAA20B018ED00E5F359 /* MotionDetectionGameTests.swift */ = {isa = PBXFileReference; lastKnownFileType = sourcecode.swift; path = MotionDetectionGameTests.swift; sourceTree = "<group>"; };
		36CAFCAC20B018ED00E5F359 /* Info.plist */ = {isa = PBXFileReference; lastKnownFileType = text.plist.xml; path = Info.plist; sourceTree = "<group>"; };
		36CAFCB920B01A5700E5F359 /* MotionDetectionHandle.app */ = {isa = PBXFileReference; explicitFileType = wrapper.application; includeInIndex = 0; path = MotionDetectionHandle.app; sourceTree = BUILT_PRODUCTS_DIR; };
		36CAFCBB20B01A5700E5F359 /* AppDelegate.swift */ = {isa = PBXFileReference; lastKnownFileType = sourcecode.swift; path = AppDelegate.swift; sourceTree = "<group>"; };
		36CAFCBD20B01A5700E5F359 /* HandleScreenViewController.swift */ = {isa = PBXFileReference; lastKnownFileType = sourcecode.swift; path = HandleScreenViewController.swift; sourceTree = "<group>"; };
		36CAFCC220B01A5700E5F359 /* Assets.xcassets */ = {isa = PBXFileReference; lastKnownFileType = folder.assetcatalog; path = Assets.xcassets; sourceTree = "<group>"; };
		36CAFCC520B01A5700E5F359 /* Base */ = {isa = PBXFileReference; lastKnownFileType = file.storyboard; name = Base; path = Base.lproj/LaunchScreen.storyboard; sourceTree = "<group>"; };
		36CAFCC720B01A5700E5F359 /* Info.plist */ = {isa = PBXFileReference; lastKnownFileType = text.plist.xml; path = Info.plist; sourceTree = "<group>"; };
		36CAFCCC20B01A5700E5F359 /* MotionDetectionHandleTests.xctest */ = {isa = PBXFileReference; explicitFileType = wrapper.cfbundle; includeInIndex = 0; path = MotionDetectionHandleTests.xctest; sourceTree = BUILT_PRODUCTS_DIR; };
		36CAFCD020B01A5800E5F359 /* MotionDetectionHandleTests.swift */ = {isa = PBXFileReference; lastKnownFileType = sourcecode.swift; path = MotionDetectionHandleTests.swift; sourceTree = "<group>"; };
		36CAFCD220B01A5800E5F359 /* Info.plist */ = {isa = PBXFileReference; lastKnownFileType = text.plist.xml; path = Info.plist; sourceTree = "<group>"; };
		36CAFCDA20B0346100E5F359 /* HandleScreen.xib */ = {isa = PBXFileReference; lastKnownFileType = file.xib; path = HandleScreen.xib; sourceTree = "<group>"; };
		36CAFCDD20B035ED00E5F359 /* Application.swift */ = {isa = PBXFileReference; lastKnownFileType = sourcecode.swift; path = Application.swift; sourceTree = "<group>"; };
		36CAFCE320B036A700E5F359 /* Application.swift */ = {isa = PBXFileReference; lastKnownFileType = sourcecode.swift; path = Application.swift; sourceTree = "<group>"; };
		36CAFCED20B03A0000E5F359 /* Common.framework */ = {isa = PBXFileReference; explicitFileType = wrapper.framework; includeInIndex = 0; path = Common.framework; sourceTree = BUILT_PRODUCTS_DIR; };
		36CAFCEF20B03A0000E5F359 /* Common.h */ = {isa = PBXFileReference; lastKnownFileType = sourcecode.c.h; path = Common.h; sourceTree = "<group>"; };
		36CAFCF020B03A0000E5F359 /* Info.plist */ = {isa = PBXFileReference; lastKnownFileType = text.plist.xml; path = Info.plist; sourceTree = "<group>"; };
		36CAFCF520B03A0000E5F359 /* CommonTests.xctest */ = {isa = PBXFileReference; explicitFileType = wrapper.cfbundle; includeInIndex = 0; path = CommonTests.xctest; sourceTree = BUILT_PRODUCTS_DIR; };
		36CAFCFC20B03A0000E5F359 /* CommonTests.swift */ = {isa = PBXFileReference; lastKnownFileType = sourcecode.swift; path = CommonTests.swift; sourceTree = "<group>"; };
		36CAFCFE20B03A0000E5F359 /* Info.plist */ = {isa = PBXFileReference; lastKnownFileType = text.plist.xml; path = Info.plist; sourceTree = "<group>"; };
		36CAFD0F20B03D8300E5F359 /* Main.storyboard */ = {isa = PBXFileReference; lastKnownFileType = file.storyboard; path = Main.storyboard; sourceTree = "<group>"; };
		36CAFD1220B06AE100E5F359 /* PMotionWorkoutManager.swift */ = {isa = PBXFileReference; fileEncoding = 4; lastKnownFileType = sourcecode.swift; path = PMotionWorkoutManager.swift; sourceTree = "<group>"; };
		36CAFD1320B06AE100E5F359 /* TennisMotionWorkoutManager.swift */ = {isa = PBXFileReference; fileEncoding = 4; lastKnownFileType = sourcecode.swift; path = TennisMotionWorkoutManager.swift; sourceTree = "<group>"; };
		36CAFD1820B06AE200E5F359 /* PMotionSampler.swift */ = {isa = PBXFileReference; fileEncoding = 4; lastKnownFileType = sourcecode.swift; path = PMotionSampler.swift; sourceTree = "<group>"; };
		36CAFD1920B06AE200E5F359 /* TennisMotionSampler.swift */ = {isa = PBXFileReference; fileEncoding = 4; lastKnownFileType = sourcecode.swift; path = TennisMotionSampler.swift; sourceTree = "<group>"; };
		36CAFD1B20B06AE200E5F359 /* MotionSample.swift */ = {isa = PBXFileReference; fileEncoding = 4; lastKnownFileType = sourcecode.swift; path = MotionSample.swift; sourceTree = "<group>"; };
		36CAFD1C20B06AE200E5F359 /* TennisMotionSample.swift */ = {isa = PBXFileReference; fileEncoding = 4; lastKnownFileType = sourcecode.swift; path = TennisMotionSample.swift; sourceTree = "<group>"; };
		36CAFD1E20B06AE200E5F359 /* PSamplingBuffer.swift */ = {isa = PBXFileReference; fileEncoding = 4; lastKnownFileType = sourcecode.swift; path = PSamplingBuffer.swift; sourceTree = "<group>"; };
		36CAFD1F20B06AE200E5F359 /* SamplingBuffer.swift */ = {isa = PBXFileReference; fileEncoding = 4; lastKnownFileType = sourcecode.swift; path = SamplingBuffer.swift; sourceTree = "<group>"; };
		36CAFD2020B06AE200E5F359 /* TennisSamplingBuffer.swift */ = {isa = PBXFileReference; fileEncoding = 4; lastKnownFileType = sourcecode.swift; path = TennisSamplingBuffer.swift; sourceTree = "<group>"; };
		36CAFD2E20B06B6000E5F359 /* AppCommunicationManager.swift */ = {isa = PBXFileReference; lastKnownFileType = sourcecode.swift; path = AppCommunicationManager.swift; sourceTree = "<group>"; };
		36CAFD3320B06F1F00E5F359 /* Types.swift */ = {isa = PBXFileReference; lastKnownFileType = sourcecode.swift; path = Types.swift; sourceTree = "<group>"; };
/* End PBXFileReference section */

/* Begin PBXFrameworksBuildPhase section */
		36CAFC9220B018EB00E5F359 /* Frameworks */ = {
			isa = PBXFrameworksBuildPhase;
			buildActionMask = 2147483647;
			files = (
			);
			runOnlyForDeploymentPostprocessing = 0;
		};
		36CAFCA320B018ED00E5F359 /* Frameworks */ = {
			isa = PBXFrameworksBuildPhase;
			buildActionMask = 2147483647;
			files = (
			);
			runOnlyForDeploymentPostprocessing = 0;
		};
		36CAFCB620B01A5700E5F359 /* Frameworks */ = {
			isa = PBXFrameworksBuildPhase;
			buildActionMask = 2147483647;
			files = (
				36CAFD0220B03A0000E5F359 /* Common.framework in Frameworks */,
			);
			runOnlyForDeploymentPostprocessing = 0;
		};
		36CAFCC920B01A5700E5F359 /* Frameworks */ = {
			isa = PBXFrameworksBuildPhase;
			buildActionMask = 2147483647;
			files = (
			);
			runOnlyForDeploymentPostprocessing = 0;
		};
		36CAFCE920B03A0000E5F359 /* Frameworks */ = {
			isa = PBXFrameworksBuildPhase;
			buildActionMask = 2147483647;
			files = (
			);
			runOnlyForDeploymentPostprocessing = 0;
		};
		36CAFCF220B03A0000E5F359 /* Frameworks */ = {
			isa = PBXFrameworksBuildPhase;
			buildActionMask = 2147483647;
			files = (
				36CAFCF620B03A0000E5F359 /* Common.framework in Frameworks */,
			);
			runOnlyForDeploymentPostprocessing = 0;
		};
/* End PBXFrameworksBuildPhase section */

/* Begin PBXGroup section */
		36CAFC8C20B018EB00E5F359 = {
			isa = PBXGroup;
			children = (
				36CAFC9720B018EB00E5F359 /* MotionDetectionGame */,
				36CAFCA920B018ED00E5F359 /* MotionDetectionGameTests */,
				36CAFCBA20B01A5700E5F359 /* MotionDetectionHandle */,
				36CAFCCF20B01A5800E5F359 /* MotionDetectionHandleTests */,
				36CAFCEE20B03A0000E5F359 /* Common */,
				36CAFCFB20B03A0000E5F359 /* CommonTests */,
				36CAFC9620B018EB00E5F359 /* Products */,
			);
			sourceTree = "<group>";
		};
		36CAFC9620B018EB00E5F359 /* Products */ = {
			isa = PBXGroup;
			children = (
				36CAFC9520B018EB00E5F359 /* MotionDetectionGame.app */,
				36CAFCA620B018ED00E5F359 /* MotionDetectionGameTests.xctest */,
				36CAFCB920B01A5700E5F359 /* MotionDetectionHandle.app */,
				36CAFCCC20B01A5700E5F359 /* MotionDetectionHandleTests.xctest */,
				36CAFCED20B03A0000E5F359 /* Common.framework */,
				36CAFCF520B03A0000E5F359 /* CommonTests.xctest */,
			);
			name = Products;
			sourceTree = "<group>";
		};
		36CAFC9720B018EB00E5F359 /* MotionDetectionGame */ = {
			isa = PBXGroup;
			children = (
				36CAFCDF20B0365A00E5F359 /* Screens */,
				36CAFCDC20B035E000E5F359 /* Application */,
				36CAFC9F20B018ED00E5F359 /* Assets.xcassets */,
				36CAFCA120B018ED00E5F359 /* Info.plist */,
				36CAFD0F20B03D8300E5F359 /* Main.storyboard */,
			);
			path = MotionDetectionGame;
			sourceTree = "<group>";
		};
		36CAFCA920B018ED00E5F359 /* MotionDetectionGameTests */ = {
			isa = PBXGroup;
			children = (
				36CAFCAA20B018ED00E5F359 /* MotionDetectionGameTests.swift */,
				36CAFCAC20B018ED00E5F359 /* Info.plist */,
			);
			path = MotionDetectionGameTests;
			sourceTree = "<group>";
		};
		36CAFCBA20B01A5700E5F359 /* MotionDetectionHandle */ = {
			isa = PBXGroup;
			children = (
				36CAFD2B20B06AE400E5F359 /* MotionDetectionCore */,
				36CAFCE220B0369A00E5F359 /* Application */,
				36CAFCE120B0369700E5F359 /* Screens */,
				36CAFCC220B01A5700E5F359 /* Assets.xcassets */,
				36CAFCC420B01A5700E5F359 /* LaunchScreen.storyboard */,
				36CAFCC720B01A5700E5F359 /* Info.plist */,
			);
			path = MotionDetectionHandle;
			sourceTree = "<group>";
		};
		36CAFCCF20B01A5800E5F359 /* MotionDetectionHandleTests */ = {
			isa = PBXGroup;
			children = (
				36CAFCD020B01A5800E5F359 /* MotionDetectionHandleTests.swift */,
				36CAFCD220B01A5800E5F359 /* Info.plist */,
			);
			path = MotionDetectionHandleTests;
			sourceTree = "<group>";
		};
		36CAFCDC20B035E000E5F359 /* Application */ = {
			isa = PBXGroup;
			children = (
				36CAFC9820B018EB00E5F359 /* AppDelegate.swift */,
				36CAFCDD20B035ED00E5F359 /* Application.swift */,
			);
			path = Application;
			sourceTree = "<group>";
		};
		36CAFCDF20B0365A00E5F359 /* Screens */ = {
			isa = PBXGroup;
			children = (
				36CAFCE020B0366100E5F359 /* Main */,
			);
			path = Screens;
			sourceTree = "<group>";
		};
		36CAFCE020B0366100E5F359 /* Main */ = {
			isa = PBXGroup;
			children = (
				36CAFC9A20B018EB00E5F359 /* MainScreenViewController.swift */,
			);
			path = Main;
			sourceTree = "<group>";
		};
		36CAFCE120B0369700E5F359 /* Screens */ = {
			isa = PBXGroup;
			children = (
				36CAFCE520B036AC00E5F359 /* Main */,
			);
			path = Screens;
			sourceTree = "<group>";
		};
		36CAFCE220B0369A00E5F359 /* Application */ = {
			isa = PBXGroup;
			children = (
				36CAFCBB20B01A5700E5F359 /* AppDelegate.swift */,
				36CAFCE320B036A700E5F359 /* Application.swift */,
			);
			path = Application;
			sourceTree = "<group>";
		};
		36CAFCE520B036AC00E5F359 /* Main */ = {
			isa = PBXGroup;
			children = (
				36CAFCBD20B01A5700E5F359 /* HandleScreenViewController.swift */,
				36CAFCDA20B0346100E5F359 /* HandleScreen.xib */,
			);
			path = Main;
			sourceTree = "<group>";
		};
		36CAFCEE20B03A0000E5F359 /* Common */ = {
			isa = PBXGroup;
			children = (
				36CAFD2C20B06B4200E5F359 /* Communication */,
				36CAFCEF20B03A0000E5F359 /* Common.h */,
				36CAFCF020B03A0000E5F359 /* Info.plist */,
			);
			path = Common;
			sourceTree = "<group>";
		};
		36CAFCFB20B03A0000E5F359 /* CommonTests */ = {
			isa = PBXGroup;
			children = (
				36CAFCFC20B03A0000E5F359 /* CommonTests.swift */,
				36CAFCFE20B03A0000E5F359 /* Info.plist */,
			);
			path = CommonTests;
			sourceTree = "<group>";
		};
		36CAFD1120B06AE100E5F359 /* Workout */ = {
			isa = PBXGroup;
			children = (
				36CAFD1220B06AE100E5F359 /* PMotionWorkoutManager.swift */,
				36CAFD1320B06AE100E5F359 /* TennisMotionWorkoutManager.swift */,
			);
			path = Workout;
			sourceTree = "<group>";
		};
		36CAFD1620B06AE200E5F359 /* Sampling */ = {
			isa = PBXGroup;
			children = (
				36CAFD1720B06AE200E5F359 /* Samplers */,
				36CAFD1A20B06AE200E5F359 /* MotionSamples */,
				36CAFD1D20B06AE200E5F359 /* SamplingBuffers */,
			);
			path = Sampling;
			sourceTree = "<group>";
		};
		36CAFD1720B06AE200E5F359 /* Samplers */ = {
			isa = PBXGroup;
			children = (
				36CAFD1820B06AE200E5F359 /* PMotionSampler.swift */,
				36CAFD1920B06AE200E5F359 /* TennisMotionSampler.swift */,
			);
			path = Samplers;
			sourceTree = "<group>";
		};
		36CAFD1A20B06AE200E5F359 /* MotionSamples */ = {
			isa = PBXGroup;
			children = (
				36CAFD1B20B06AE200E5F359 /* MotionSample.swift */,
				36CAFD1C20B06AE200E5F359 /* TennisMotionSample.swift */,
			);
			path = MotionSamples;
			sourceTree = "<group>";
		};
		36CAFD1D20B06AE200E5F359 /* SamplingBuffers */ = {
			isa = PBXGroup;
			children = (
				36CAFD1E20B06AE200E5F359 /* PSamplingBuffer.swift */,
				36CAFD1F20B06AE200E5F359 /* SamplingBuffer.swift */,
				36CAFD2020B06AE200E5F359 /* TennisSamplingBuffer.swift */,
			);
			path = SamplingBuffers;
			sourceTree = "<group>";
		};
		36CAFD2B20B06AE400E5F359 /* MotionDetectionCore */ = {
			isa = PBXGroup;
			children = (
				36CAFD1620B06AE200E5F359 /* Sampling */,
				36CAFD1120B06AE100E5F359 /* Workout */,
			);
			path = MotionDetectionCore;
			sourceTree = "<group>";
		};
		36CAFD2C20B06B4200E5F359 /* Communication */ = {
			isa = PBXGroup;
			children = (
				36CAFD3320B06F1F00E5F359 /* Types.swift */,
				36CAFD2E20B06B6000E5F359 /* AppCommunicationManager.swift */,
			);
			path = Communication;
			sourceTree = "<group>";
		};
/* End PBXGroup section */

/* Begin PBXHeadersBuildPhase section */
		36CAFCEA20B03A0000E5F359 /* Headers */ = {
			isa = PBXHeadersBuildPhase;
			buildActionMask = 2147483647;
			files = (
				36CAFCFF20B03A0000E5F359 /* Common.h in Headers */,
			);
			runOnlyForDeploymentPostprocessing = 0;
		};
/* End PBXHeadersBuildPhase section */

/* Begin PBXNativeTarget section */
		36CAFC9420B018EB00E5F359 /* MotionDetectionGame */ = {
			isa = PBXNativeTarget;
			buildConfigurationList = 36CAFCAF20B018ED00E5F359 /* Build configuration list for PBXNativeTarget "MotionDetectionGame" */;
			buildPhases = (
				36CAFC9120B018EB00E5F359 /* Sources */,
				36CAFC9220B018EB00E5F359 /* Frameworks */,
				36CAFC9320B018EB00E5F359 /* Resources */,
			);
			buildRules = (
			);
			dependencies = (
			);
			name = MotionDetectionGame;
			productName = MotionDetectionGame;
			productReference = 36CAFC9520B018EB00E5F359 /* MotionDetectionGame.app */;
			productType = "com.apple.product-type.application";
		};
		36CAFCA520B018ED00E5F359 /* MotionDetectionGameTests */ = {
			isa = PBXNativeTarget;
			buildConfigurationList = 36CAFCB220B018ED00E5F359 /* Build configuration list for PBXNativeTarget "MotionDetectionGameTests" */;
			buildPhases = (
				36CAFCA220B018ED00E5F359 /* Sources */,
				36CAFCA320B018ED00E5F359 /* Frameworks */,
				36CAFCA420B018ED00E5F359 /* Resources */,
			);
			buildRules = (
			);
			dependencies = (
				36CAFCA820B018ED00E5F359 /* PBXTargetDependency */,
			);
			name = MotionDetectionGameTests;
			productName = MotionDetectionGameTests;
			productReference = 36CAFCA620B018ED00E5F359 /* MotionDetectionGameTests.xctest */;
			productType = "com.apple.product-type.bundle.unit-test";
		};
		36CAFCB820B01A5700E5F359 /* MotionDetectionHandle */ = {
			isa = PBXNativeTarget;
			buildConfigurationList = 36CAFCD320B01A5800E5F359 /* Build configuration list for PBXNativeTarget "MotionDetectionHandle" */;
			buildPhases = (
				36CAFCB520B01A5700E5F359 /* Sources */,
				36CAFCB620B01A5700E5F359 /* Frameworks */,
				36CAFCB720B01A5700E5F359 /* Resources */,
				36CAFD0720B03A0000E5F359 /* Embed Frameworks */,
			);
			buildRules = (
			);
			dependencies = (
				36CAFD0120B03A0000E5F359 /* PBXTargetDependency */,
			);
			name = MotionDetectionHandle;
			productName = MotionDetectionHandle;
			productReference = 36CAFCB920B01A5700E5F359 /* MotionDetectionHandle.app */;
			productType = "com.apple.product-type.application";
		};
		36CAFCCB20B01A5700E5F359 /* MotionDetectionHandleTests */ = {
			isa = PBXNativeTarget;
			buildConfigurationList = 36CAFCD620B01A5800E5F359 /* Build configuration list for PBXNativeTarget "MotionDetectionHandleTests" */;
			buildPhases = (
				36CAFCC820B01A5700E5F359 /* Sources */,
				36CAFCC920B01A5700E5F359 /* Frameworks */,
				36CAFCCA20B01A5700E5F359 /* Resources */,
			);
			buildRules = (
			);
			dependencies = (
				36CAFCCE20B01A5800E5F359 /* PBXTargetDependency */,
			);
			name = MotionDetectionHandleTests;
			productName = MotionDetectionHandleTests;
			productReference = 36CAFCCC20B01A5700E5F359 /* MotionDetectionHandleTests.xctest */;
			productType = "com.apple.product-type.bundle.unit-test";
		};
		36CAFCEC20B03A0000E5F359 /* Common */ = {
			isa = PBXNativeTarget;
			buildConfigurationList = 36CAFD0420B03A0000E5F359 /* Build configuration list for PBXNativeTarget "Common" */;
			buildPhases = (
				36CAFCE820B03A0000E5F359 /* Sources */,
				36CAFCE920B03A0000E5F359 /* Frameworks */,
				36CAFCEA20B03A0000E5F359 /* Headers */,
				36CAFCEB20B03A0000E5F359 /* Resources */,
			);
			buildRules = (
			);
			dependencies = (
			);
			name = Common;
			productName = Common;
			productReference = 36CAFCED20B03A0000E5F359 /* Common.framework */;
			productType = "com.apple.product-type.framework";
		};
		36CAFCF420B03A0000E5F359 /* CommonTests */ = {
			isa = PBXNativeTarget;
			buildConfigurationList = 36CAFD0820B03A0000E5F359 /* Build configuration list for PBXNativeTarget "CommonTests" */;
			buildPhases = (
				36CAFCF120B03A0000E5F359 /* Sources */,
				36CAFCF220B03A0000E5F359 /* Frameworks */,
				36CAFCF320B03A0000E5F359 /* Resources */,
			);
			buildRules = (
			);
			dependencies = (
				36CAFCF820B03A0000E5F359 /* PBXTargetDependency */,
				36CAFCFA20B03A0000E5F359 /* PBXTargetDependency */,
			);
			name = CommonTests;
			productName = CommonTests;
			productReference = 36CAFCF520B03A0000E5F359 /* CommonTests.xctest */;
			productType = "com.apple.product-type.bundle.unit-test";
		};
/* End PBXNativeTarget section */

/* Begin PBXProject section */
		36CAFC8D20B018EB00E5F359 /* Project object */ = {
			isa = PBXProject;
			attributes = {
				LastSwiftUpdateCheck = 0930;
				LastUpgradeCheck = 0930;
				ORGANIZATIONNAME = Beygel;
				TargetAttributes = {
					36CAFC9420B018EB00E5F359 = {
						CreatedOnToolsVersion = 9.3.1;
					};
					36CAFCA520B018ED00E5F359 = {
						CreatedOnToolsVersion = 9.3.1;
						TestTargetID = 36CAFC9420B018EB00E5F359;
					};
					36CAFCB820B01A5700E5F359 = {
						CreatedOnToolsVersion = 9.3.1;
					};
					36CAFCCB20B01A5700E5F359 = {
						CreatedOnToolsVersion = 9.3.1;
						TestTargetID = 36CAFCB820B01A5700E5F359;
					};
					36CAFCEC20B03A0000E5F359 = {
						CreatedOnToolsVersion = 9.3.1;
					};
					36CAFCF420B03A0000E5F359 = {
						CreatedOnToolsVersion = 9.3.1;
						TestTargetID = 36CAFCB820B01A5700E5F359;
					};
				};
			};
			buildConfigurationList = 36CAFC9020B018EB00E5F359 /* Build configuration list for PBXProject "MotionDetectionGame" */;
			compatibilityVersion = "Xcode 9.3";
			developmentRegion = en;
			hasScannedForEncodings = 0;
			knownRegions = (
				en,
				Base,
			);
			mainGroup = 36CAFC8C20B018EB00E5F359;
			productRefGroup = 36CAFC9620B018EB00E5F359 /* Products */;
			projectDirPath = "";
			projectRoot = "";
			targets = (
				36CAFC9420B018EB00E5F359 /* MotionDetectionGame */,
				36CAFCA520B018ED00E5F359 /* MotionDetectionGameTests */,
				36CAFCB820B01A5700E5F359 /* MotionDetectionHandle */,
				36CAFCCB20B01A5700E5F359 /* MotionDetectionHandleTests */,
				36CAFCEC20B03A0000E5F359 /* Common */,
				36CAFCF420B03A0000E5F359 /* CommonTests */,
			);
		};
/* End PBXProject section */

/* Begin PBXResourcesBuildPhase section */
		36CAFC9320B018EB00E5F359 /* Resources */ = {
			isa = PBXResourcesBuildPhase;
			buildActionMask = 2147483647;
			files = (
				36CAFCA020B018ED00E5F359 /* Assets.xcassets in Resources */,
				36CAFD1020B03D8300E5F359 /* Main.storyboard in Resources */,
			);
			runOnlyForDeploymentPostprocessing = 0;
		};
		36CAFCA420B018ED00E5F359 /* Resources */ = {
			isa = PBXResourcesBuildPhase;
			buildActionMask = 2147483647;
			files = (
			);
			runOnlyForDeploymentPostprocessing = 0;
		};
		36CAFCB720B01A5700E5F359 /* Resources */ = {
			isa = PBXResourcesBuildPhase;
			buildActionMask = 2147483647;
			files = (
				36CAFCDB20B0346100E5F359 /* HandleScreen.xib in Resources */,
				36CAFCC620B01A5700E5F359 /* LaunchScreen.storyboard in Resources */,
				36CAFCC320B01A5700E5F359 /* Assets.xcassets in Resources */,
			);
			runOnlyForDeploymentPostprocessing = 0;
		};
		36CAFCCA20B01A5700E5F359 /* Resources */ = {
			isa = PBXResourcesBuildPhase;
			buildActionMask = 2147483647;
			files = (
			);
			runOnlyForDeploymentPostprocessing = 0;
		};
		36CAFCEB20B03A0000E5F359 /* Resources */ = {
			isa = PBXResourcesBuildPhase;
			buildActionMask = 2147483647;
			files = (
			);
			runOnlyForDeploymentPostprocessing = 0;
		};
		36CAFCF320B03A0000E5F359 /* Resources */ = {
			isa = PBXResourcesBuildPhase;
			buildActionMask = 2147483647;
			files = (
			);
			runOnlyForDeploymentPostprocessing = 0;
		};
/* End PBXResourcesBuildPhase section */

/* Begin PBXSourcesBuildPhase section */
		36CAFC9120B018EB00E5F359 /* Sources */ = {
			isa = PBXSourcesBuildPhase;
			buildActionMask = 2147483647;
			files = (
				36CAFCDE20B035ED00E5F359 /* Application.swift in Sources */,
				36CAFC9B20B018EB00E5F359 /* MainScreenViewController.swift in Sources */,
				36CAFC9920B018EB00E5F359 /* AppDelegate.swift in Sources */,
			);
			runOnlyForDeploymentPostprocessing = 0;
		};
		36CAFCA220B018ED00E5F359 /* Sources */ = {
			isa = PBXSourcesBuildPhase;
			buildActionMask = 2147483647;
			files = (
				36CAFCAB20B018ED00E5F359 /* MotionDetectionGameTests.swift in Sources */,
			);
			runOnlyForDeploymentPostprocessing = 0;
		};
		36CAFCB520B01A5700E5F359 /* Sources */ = {
			isa = PBXSourcesBuildPhase;
			buildActionMask = 2147483647;
			files = (
				36CAFD2720B06AE200E5F359 /* TennisMotionSample.swift in Sources */,
				36CAFD2A20B06AE200E5F359 /* TennisSamplingBuffer.swift in Sources */,
				36CAFCE420B036A700E5F359 /* Application.swift in Sources */,
				36CAFCBE20B01A5700E5F359 /* HandleScreenViewController.swift in Sources */,
				36CAFD2420B06AE200E5F359 /* PMotionSampler.swift in Sources */,
				36CAFD2120B06AE200E5F359 /* PMotionWorkoutManager.swift in Sources */,
				36CAFD2220B06AE200E5F359 /* TennisMotionWorkoutManager.swift in Sources */,
				36CAFD2820B06AE200E5F359 /* PSamplingBuffer.swift in Sources */,
				36CAFD2920B06AE200E5F359 /* SamplingBuffer.swift in Sources */,
				36CAFD2620B06AE200E5F359 /* MotionSample.swift in Sources */,
				36CAFCBC20B01A5700E5F359 /* AppDelegate.swift in Sources */,
				36CAFD2520B06AE200E5F359 /* TennisMotionSampler.swift in Sources */,
			);
			runOnlyForDeploymentPostprocessing = 0;
		};
		36CAFCC820B01A5700E5F359 /* Sources */ = {
			isa = PBXSourcesBuildPhase;
			buildActionMask = 2147483647;
			files = (
				36CAFCD120B01A5800E5F359 /* MotionDetectionHandleTests.swift in Sources */,
			);
			runOnlyForDeploymentPostprocessing = 0;
		};
		36CAFCE820B03A0000E5F359 /* Sources */ = {
			isa = PBXSourcesBuildPhase;
			buildActionMask = 2147483647;
			files = (
				36CAFD3120B06BBD00E5F359 /* AppCommunicationManager.swift in Sources */,
				36CAFD3620B06F3500E5F359 /* Types.swift in Sources */,
			);
			runOnlyForDeploymentPostprocessing = 0;
		};
		36CAFCF120B03A0000E5F359 /* Sources */ = {
			isa = PBXSourcesBuildPhase;
			buildActionMask = 2147483647;
			files = (
				36CAFCFD20B03A0000E5F359 /* CommonTests.swift in Sources */,
			);
			runOnlyForDeploymentPostprocessing = 0;
		};
/* End PBXSourcesBuildPhase section */

/* Begin PBXTargetDependency section */
		36CAFCA820B018ED00E5F359 /* PBXTargetDependency */ = {
			isa = PBXTargetDependency;
			target = 36CAFC9420B018EB00E5F359 /* MotionDetectionGame */;
			targetProxy = 36CAFCA720B018ED00E5F359 /* PBXContainerItemProxy */;
		};
		36CAFCCE20B01A5800E5F359 /* PBXTargetDependency */ = {
			isa = PBXTargetDependency;
			target = 36CAFCB820B01A5700E5F359 /* MotionDetectionHandle */;
			targetProxy = 36CAFCCD20B01A5800E5F359 /* PBXContainerItemProxy */;
		};
		36CAFCF820B03A0000E5F359 /* PBXTargetDependency */ = {
			isa = PBXTargetDependency;
			target = 36CAFCEC20B03A0000E5F359 /* Common */;
			targetProxy = 36CAFCF720B03A0000E5F359 /* PBXContainerItemProxy */;
		};
		36CAFCFA20B03A0000E5F359 /* PBXTargetDependency */ = {
			isa = PBXTargetDependency;
			target = 36CAFCB820B01A5700E5F359 /* MotionDetectionHandle */;
			targetProxy = 36CAFCF920B03A0000E5F359 /* PBXContainerItemProxy */;
		};
		36CAFD0120B03A0000E5F359 /* PBXTargetDependency */ = {
			isa = PBXTargetDependency;
			target = 36CAFCEC20B03A0000E5F359 /* Common */;
			targetProxy = 36CAFD0020B03A0000E5F359 /* PBXContainerItemProxy */;
		};
/* End PBXTargetDependency section */

/* Begin PBXVariantGroup section */
		36CAFCC420B01A5700E5F359 /* LaunchScreen.storyboard */ = {
			isa = PBXVariantGroup;
			children = (
				36CAFCC520B01A5700E5F359 /* Base */,
			);
			name = LaunchScreen.storyboard;
			sourceTree = "<group>";
		};
/* End PBXVariantGroup section */

/* Begin XCBuildConfiguration section */
		36CAFCAD20B018ED00E5F359 /* Debug */ = {
			isa = XCBuildConfiguration;
			buildSettings = {
				ALWAYS_SEARCH_USER_PATHS = NO;
				CLANG_ANALYZER_NONNULL = YES;
				CLANG_ANALYZER_NUMBER_OBJECT_CONVERSION = YES_AGGRESSIVE;
				CLANG_CXX_LANGUAGE_STANDARD = "gnu++14";
				CLANG_CXX_LIBRARY = "libc++";
				CLANG_ENABLE_MODULES = YES;
				CLANG_ENABLE_OBJC_ARC = YES;
				CLANG_ENABLE_OBJC_WEAK = YES;
				CLANG_WARN_BLOCK_CAPTURE_AUTORELEASING = YES;
				CLANG_WARN_BOOL_CONVERSION = YES;
				CLANG_WARN_COMMA = YES;
				CLANG_WARN_CONSTANT_CONVERSION = YES;
				CLANG_WARN_DEPRECATED_OBJC_IMPLEMENTATIONS = YES;
				CLANG_WARN_DIRECT_OBJC_ISA_USAGE = YES_ERROR;
				CLANG_WARN_DOCUMENTATION_COMMENTS = YES;
				CLANG_WARN_EMPTY_BODY = YES;
				CLANG_WARN_ENUM_CONVERSION = YES;
				CLANG_WARN_INFINITE_RECURSION = YES;
				CLANG_WARN_INT_CONVERSION = YES;
				CLANG_WARN_NON_LITERAL_NULL_CONVERSION = YES;
				CLANG_WARN_OBJC_IMPLICIT_RETAIN_SELF = YES;
				CLANG_WARN_OBJC_LITERAL_CONVERSION = YES;
				CLANG_WARN_OBJC_ROOT_CLASS = YES_ERROR;
				CLANG_WARN_RANGE_LOOP_ANALYSIS = YES;
				CLANG_WARN_STRICT_PROTOTYPES = YES;
				CLANG_WARN_SUSPICIOUS_MOVE = YES;
				CLANG_WARN_UNGUARDED_AVAILABILITY = YES_AGGRESSIVE;
				CLANG_WARN_UNREACHABLE_CODE = YES;
				CLANG_WARN__DUPLICATE_METHOD_MATCH = YES;
				COPY_PHASE_STRIP = NO;
				DEBUG_INFORMATION_FORMAT = dwarf;
				ENABLE_STRICT_OBJC_MSGSEND = YES;
				ENABLE_TESTABILITY = YES;
				GCC_C_LANGUAGE_STANDARD = gnu11;
				GCC_DYNAMIC_NO_PIC = NO;
				GCC_NO_COMMON_BLOCKS = YES;
				GCC_OPTIMIZATION_LEVEL = 0;
				GCC_PREPROCESSOR_DEFINITIONS = (
					"DEBUG=1",
					"$(inherited)",
				);
				GCC_WARN_64_TO_32_BIT_CONVERSION = YES;
				GCC_WARN_ABOUT_RETURN_TYPE = YES_ERROR;
				GCC_WARN_UNDECLARED_SELECTOR = YES;
				GCC_WARN_UNINITIALIZED_AUTOS = YES_AGGRESSIVE;
				GCC_WARN_UNUSED_FUNCTION = YES;
				GCC_WARN_UNUSED_VARIABLE = YES;
				MTL_ENABLE_DEBUG_INFO = YES;
				ONLY_ACTIVE_ARCH = YES;
				SDKROOT = appletvos;
				SWIFT_ACTIVE_COMPILATION_CONDITIONS = DEBUG;
				SWIFT_OPTIMIZATION_LEVEL = "-Onone";
				TVOS_DEPLOYMENT_TARGET = 11.3;
			};
			name = Debug;
		};
		36CAFCAE20B018ED00E5F359 /* Release */ = {
			isa = XCBuildConfiguration;
			buildSettings = {
				ALWAYS_SEARCH_USER_PATHS = NO;
				CLANG_ANALYZER_NONNULL = YES;
				CLANG_ANALYZER_NUMBER_OBJECT_CONVERSION = YES_AGGRESSIVE;
				CLANG_CXX_LANGUAGE_STANDARD = "gnu++14";
				CLANG_CXX_LIBRARY = "libc++";
				CLANG_ENABLE_MODULES = YES;
				CLANG_ENABLE_OBJC_ARC = YES;
				CLANG_ENABLE_OBJC_WEAK = YES;
				CLANG_WARN_BLOCK_CAPTURE_AUTORELEASING = YES;
				CLANG_WARN_BOOL_CONVERSION = YES;
				CLANG_WARN_COMMA = YES;
				CLANG_WARN_CONSTANT_CONVERSION = YES;
				CLANG_WARN_DEPRECATED_OBJC_IMPLEMENTATIONS = YES;
				CLANG_WARN_DIRECT_OBJC_ISA_USAGE = YES_ERROR;
				CLANG_WARN_DOCUMENTATION_COMMENTS = YES;
				CLANG_WARN_EMPTY_BODY = YES;
				CLANG_WARN_ENUM_CONVERSION = YES;
				CLANG_WARN_INFINITE_RECURSION = YES;
				CLANG_WARN_INT_CONVERSION = YES;
				CLANG_WARN_NON_LITERAL_NULL_CONVERSION = YES;
				CLANG_WARN_OBJC_IMPLICIT_RETAIN_SELF = YES;
				CLANG_WARN_OBJC_LITERAL_CONVERSION = YES;
				CLANG_WARN_OBJC_ROOT_CLASS = YES_ERROR;
				CLANG_WARN_RANGE_LOOP_ANALYSIS = YES;
				CLANG_WARN_STRICT_PROTOTYPES = YES;
				CLANG_WARN_SUSPICIOUS_MOVE = YES;
				CLANG_WARN_UNGUARDED_AVAILABILITY = YES_AGGRESSIVE;
				CLANG_WARN_UNREACHABLE_CODE = YES;
				CLANG_WARN__DUPLICATE_METHOD_MATCH = YES;
				COPY_PHASE_STRIP = NO;
				DEBUG_INFORMATION_FORMAT = "dwarf-with-dsym";
				ENABLE_NS_ASSERTIONS = NO;
				ENABLE_STRICT_OBJC_MSGSEND = YES;
				GCC_C_LANGUAGE_STANDARD = gnu11;
				GCC_NO_COMMON_BLOCKS = YES;
				GCC_WARN_64_TO_32_BIT_CONVERSION = YES;
				GCC_WARN_ABOUT_RETURN_TYPE = YES_ERROR;
				GCC_WARN_UNDECLARED_SELECTOR = YES;
				GCC_WARN_UNINITIALIZED_AUTOS = YES_AGGRESSIVE;
				GCC_WARN_UNUSED_FUNCTION = YES;
				GCC_WARN_UNUSED_VARIABLE = YES;
				MTL_ENABLE_DEBUG_INFO = NO;
				SDKROOT = appletvos;
				SWIFT_COMPILATION_MODE = wholemodule;
				SWIFT_OPTIMIZATION_LEVEL = "-O";
				TVOS_DEPLOYMENT_TARGET = 11.3;
				VALIDATE_PRODUCT = YES;
			};
			name = Release;
		};
		36CAFCB020B018ED00E5F359 /* Debug */ = {
			isa = XCBuildConfiguration;
			buildSettings = {
				ASSETCATALOG_COMPILER_APPICON_NAME = "App Icon & Top Shelf Image";
				ASSETCATALOG_COMPILER_LAUNCHIMAGE_NAME = LaunchImage;
				CODE_SIGN_STYLE = Automatic;
				DEVELOPMENT_TEAM = SGDFJZX8EN;
				INFOPLIST_FILE = MotionDetectionGame/Info.plist;
				LD_RUNPATH_SEARCH_PATHS = (
					"$(inherited)",
					"@executable_path/Frameworks",
				);
				PRODUCT_BUNDLE_IDENTIFIER = com.interactech.MotionDetectionGame;
				PRODUCT_NAME = "$(TARGET_NAME)";
				SWIFT_VERSION = 4.0;
				TARGETED_DEVICE_FAMILY = 3;
			};
			name = Debug;
		};
		36CAFCB120B018ED00E5F359 /* Release */ = {
			isa = XCBuildConfiguration;
			buildSettings = {
				ASSETCATALOG_COMPILER_APPICON_NAME = "App Icon & Top Shelf Image";
				ASSETCATALOG_COMPILER_LAUNCHIMAGE_NAME = LaunchImage;
				CODE_SIGN_STYLE = Automatic;
				DEVELOPMENT_TEAM = SGDFJZX8EN;
				INFOPLIST_FILE = MotionDetectionGame/Info.plist;
				LD_RUNPATH_SEARCH_PATHS = (
					"$(inherited)",
					"@executable_path/Frameworks",
				);
				PRODUCT_BUNDLE_IDENTIFIER = com.interactech.MotionDetectionGame;
				PRODUCT_NAME = "$(TARGET_NAME)";
				SWIFT_VERSION = 4.0;
				TARGETED_DEVICE_FAMILY = 3;
			};
			name = Release;
		};
		36CAFCB320B018ED00E5F359 /* Debug */ = {
			isa = XCBuildConfiguration;
			buildSettings = {
				ALWAYS_EMBED_SWIFT_STANDARD_LIBRARIES = YES;
				BUNDLE_LOADER = "$(TEST_HOST)";
				CODE_SIGN_STYLE = Automatic;
				INFOPLIST_FILE = MotionDetectionGameTests/Info.plist;
				LD_RUNPATH_SEARCH_PATHS = (
					"$(inherited)",
					"@executable_path/Frameworks",
					"@loader_path/Frameworks",
				);
				PRODUCT_BUNDLE_IDENTIFIER = com.interactech.MotionDetectionGameTests;
				PRODUCT_NAME = "$(TARGET_NAME)";
				SWIFT_VERSION = 4.0;
				TARGETED_DEVICE_FAMILY = 3;
				TEST_HOST = "$(BUILT_PRODUCTS_DIR)/MotionDetectionGame.app/MotionDetectionGame";
			};
			name = Debug;
		};
		36CAFCB420B018ED00E5F359 /* Release */ = {
			isa = XCBuildConfiguration;
			buildSettings = {
				ALWAYS_EMBED_SWIFT_STANDARD_LIBRARIES = YES;
				BUNDLE_LOADER = "$(TEST_HOST)";
				CODE_SIGN_STYLE = Automatic;
				INFOPLIST_FILE = MotionDetectionGameTests/Info.plist;
				LD_RUNPATH_SEARCH_PATHS = (
					"$(inherited)",
					"@executable_path/Frameworks",
					"@loader_path/Frameworks",
				);
				PRODUCT_BUNDLE_IDENTIFIER = com.interactech.MotionDetectionGameTests;
				PRODUCT_NAME = "$(TARGET_NAME)";
				SWIFT_VERSION = 4.0;
				TARGETED_DEVICE_FAMILY = 3;
				TEST_HOST = "$(BUILT_PRODUCTS_DIR)/MotionDetectionGame.app/MotionDetectionGame";
			};
			name = Release;
		};
		36CAFCD420B01A5800E5F359 /* Debug */ = {
			isa = XCBuildConfiguration;
			buildSettings = {
				ALWAYS_EMBED_SWIFT_STANDARD_LIBRARIES = YES;
				ASSETCATALOG_COMPILER_APPICON_NAME = AppIcon;
				CODE_SIGN_IDENTITY = "iPhone Developer";
				CODE_SIGN_STYLE = Automatic;
				DEVELOPMENT_TEAM = SGDFJZX8EN;
				INFOPLIST_FILE = MotionDetectionHandle/Info.plist;
				IPHONEOS_DEPLOYMENT_TARGET = 11.3;
				LD_RUNPATH_SEARCH_PATHS = (
					"$(inherited)",
					"@executable_path/Frameworks",
				);
				PRODUCT_BUNDLE_IDENTIFIER = com.interactech.MotionDetectionHandle;
				PRODUCT_NAME = "$(TARGET_NAME)";
				SDKROOT = iphoneos;
				SWIFT_VERSION = 4.0;
				TARGETED_DEVICE_FAMILY = "1,2";
			};
			name = Debug;
		};
		36CAFCD520B01A5800E5F359 /* Release */ = {
			isa = XCBuildConfiguration;
			buildSettings = {
				ALWAYS_EMBED_SWIFT_STANDARD_LIBRARIES = YES;
				ASSETCATALOG_COMPILER_APPICON_NAME = AppIcon;
				CODE_SIGN_IDENTITY = "iPhone Developer";
				CODE_SIGN_STYLE = Automatic;
				DEVELOPMENT_TEAM = SGDFJZX8EN;
				INFOPLIST_FILE = MotionDetectionHandle/Info.plist;
				IPHONEOS_DEPLOYMENT_TARGET = 11.3;
				LD_RUNPATH_SEARCH_PATHS = (
					"$(inherited)",
					"@executable_path/Frameworks",
				);
				PRODUCT_BUNDLE_IDENTIFIER = com.interactech.MotionDetectionHandle;
				PRODUCT_NAME = "$(TARGET_NAME)";
				SDKROOT = iphoneos;
				SWIFT_VERSION = 4.0;
				TARGETED_DEVICE_FAMILY = "1,2";
			};
			name = Release;
		};
		36CAFCD720B01A5800E5F359 /* Debug */ = {
			isa = XCBuildConfiguration;
			buildSettings = {
				ALWAYS_EMBED_SWIFT_STANDARD_LIBRARIES = YES;
				BUNDLE_LOADER = "$(TEST_HOST)";
				CODE_SIGN_IDENTITY = "iPhone Developer";
				CODE_SIGN_STYLE = Automatic;
				DEVELOPMENT_TEAM = SGDFJZX8EN;
				INFOPLIST_FILE = MotionDetectionHandleTests/Info.plist;
				IPHONEOS_DEPLOYMENT_TARGET = 11.3;
				LD_RUNPATH_SEARCH_PATHS = (
					"$(inherited)",
					"@executable_path/Frameworks",
					"@loader_path/Frameworks",
				);
				PRODUCT_BUNDLE_IDENTIFIER = com.interactech.MotionDetectionHandleTests;
				PRODUCT_NAME = "$(TARGET_NAME)";
				SDKROOT = iphoneos;
				SWIFT_VERSION = 4.0;
				TARGETED_DEVICE_FAMILY = "1,2";
				TEST_HOST = "$(BUILT_PRODUCTS_DIR)/MotionDetectionHandle.app/MotionDetectionHandle";
			};
			name = Debug;
		};
		36CAFCD820B01A5800E5F359 /* Release */ = {
			isa = XCBuildConfiguration;
			buildSettings = {
				ALWAYS_EMBED_SWIFT_STANDARD_LIBRARIES = YES;
				BUNDLE_LOADER = "$(TEST_HOST)";
				CODE_SIGN_IDENTITY = "iPhone Developer";
				CODE_SIGN_STYLE = Automatic;
				DEVELOPMENT_TEAM = SGDFJZX8EN;
				INFOPLIST_FILE = MotionDetectionHandleTests/Info.plist;
				IPHONEOS_DEPLOYMENT_TARGET = 11.3;
				LD_RUNPATH_SEARCH_PATHS = (
					"$(inherited)",
					"@executable_path/Frameworks",
					"@loader_path/Frameworks",
				);
				PRODUCT_BUNDLE_IDENTIFIER = com.interactech.MotionDetectionHandleTests;
				PRODUCT_NAME = "$(TARGET_NAME)";
				SDKROOT = iphoneos;
				SWIFT_VERSION = 4.0;
				TARGETED_DEVICE_FAMILY = "1,2";
				TEST_HOST = "$(BUILT_PRODUCTS_DIR)/MotionDetectionHandle.app/MotionDetectionHandle";
			};
			name = Release;
		};
		36CAFD0520B03A0000E5F359 /* Debug */ = {
			isa = XCBuildConfiguration;
			buildSettings = {
				CODE_SIGN_IDENTITY = "iPhone Developer";
				CODE_SIGN_STYLE = Automatic;
				CURRENT_PROJECT_VERSION = 1;
				DEFINES_MODULE = YES;
				DEVELOPMENT_TEAM = SGDFJZX8EN;
				DYLIB_COMPATIBILITY_VERSION = 1;
				DYLIB_CURRENT_VERSION = 1;
				DYLIB_INSTALL_NAME_BASE = "@rpath";
				INFOPLIST_FILE = Common/Info.plist;
				INSTALL_PATH = "$(LOCAL_LIBRARY_DIR)/Frameworks";
				IPHONEOS_DEPLOYMENT_TARGET = 11.3;
				LD_RUNPATH_SEARCH_PATHS = (
					"$(inherited)",
					"@executable_path/Frameworks",
					"@loader_path/Frameworks",
				);
				PRODUCT_BUNDLE_IDENTIFIER = com.beygel.Common;
				PRODUCT_NAME = "$(TARGET_NAME:c99extidentifier)";
				SDKROOT = iphoneos;
				SKIP_INSTALL = YES;
				SWIFT_VERSION = 4.0;
				TARGETED_DEVICE_FAMILY = "1,2";
				VERSIONING_SYSTEM = "apple-generic";
				VERSION_INFO_PREFIX = "";
			};
			name = Debug;
		};
		36CAFD0620B03A0000E5F359 /* Release */ = {
			isa = XCBuildConfiguration;
			buildSettings = {
				CODE_SIGN_IDENTITY = "iPhone Developer";
				CODE_SIGN_STYLE = Automatic;
				CURRENT_PROJECT_VERSION = 1;
				DEFINES_MODULE = YES;
				DEVELOPMENT_TEAM = SGDFJZX8EN;
				DYLIB_COMPATIBILITY_VERSION = 1;
				DYLIB_CURRENT_VERSION = 1;
				DYLIB_INSTALL_NAME_BASE = "@rpath";
				INFOPLIST_FILE = Common/Info.plist;
				INSTALL_PATH = "$(LOCAL_LIBRARY_DIR)/Frameworks";
				IPHONEOS_DEPLOYMENT_TARGET = 11.3;
				LD_RUNPATH_SEARCH_PATHS = (
					"$(inherited)",
					"@executable_path/Frameworks",
					"@loader_path/Frameworks",
				);
				PRODUCT_BUNDLE_IDENTIFIER = com.beygel.Common;
				PRODUCT_NAME = "$(TARGET_NAME:c99extidentifier)";
				SDKROOT = iphoneos;
				SKIP_INSTALL = YES;
				SWIFT_VERSION = 4.0;
				TARGETED_DEVICE_FAMILY = "1,2";
				VERSIONING_SYSTEM = "apple-generic";
				VERSION_INFO_PREFIX = "";
			};
			name = Release;
		};
		36CAFD0920B03A0000E5F359 /* Debug */ = {
			isa = XCBuildConfiguration;
			buildSettings = {
				ALWAYS_EMBED_SWIFT_STANDARD_LIBRARIES = YES;
				CODE_SIGN_IDENTITY = "iPhone Developer";
				CODE_SIGN_STYLE = Automatic;
				DEVELOPMENT_TEAM = SGDFJZX8EN;
				INFOPLIST_FILE = CommonTests/Info.plist;
				IPHONEOS_DEPLOYMENT_TARGET = 11.3;
				LD_RUNPATH_SEARCH_PATHS = (
					"$(inherited)",
					"@executable_path/Frameworks",
					"@loader_path/Frameworks",
				);
				PRODUCT_BUNDLE_IDENTIFIER = com.beygel.CommonTests;
				PRODUCT_NAME = "$(TARGET_NAME)";
				SDKROOT = iphoneos;
				SWIFT_VERSION = 4.0;
				TARGETED_DEVICE_FAMILY = "1,2";
				TEST_HOST = "$(BUILT_PRODUCTS_DIR)/MotionDetectionHandle.app/MotionDetectionHandle";
			};
			name = Debug;
		};
		36CAFD0A20B03A0000E5F359 /* Release */ = {
			isa = XCBuildConfiguration;
			buildSettings = {
				ALWAYS_EMBED_SWIFT_STANDARD_LIBRARIES = YES;
				CODE_SIGN_IDENTITY = "iPhone Developer";
				CODE_SIGN_STYLE = Automatic;
				DEVELOPMENT_TEAM = SGDFJZX8EN;
				INFOPLIST_FILE = CommonTests/Info.plist;
				IPHONEOS_DEPLOYMENT_TARGET = 11.3;
				LD_RUNPATH_SEARCH_PATHS = (
					"$(inherited)",
					"@executable_path/Frameworks",
					"@loader_path/Frameworks",
				);
				PRODUCT_BUNDLE_IDENTIFIER = com.beygel.CommonTests;
				PRODUCT_NAME = "$(TARGET_NAME)";
				SDKROOT = iphoneos;
				SWIFT_VERSION = 4.0;
				TARGETED_DEVICE_FAMILY = "1,2";
				TEST_HOST = "$(BUILT_PRODUCTS_DIR)/MotionDetectionHandle.app/MotionDetectionHandle";
			};
			name = Release;
		};
/* End XCBuildConfiguration section */

/* Begin XCConfigurationList section */
		36CAFC9020B018EB00E5F359 /* Build configuration list for PBXProject "MotionDetectionGame" */ = {
			isa = XCConfigurationList;
			buildConfigurations = (
				36CAFCAD20B018ED00E5F359 /* Debug */,
				36CAFCAE20B018ED00E5F359 /* Release */,
			);
			defaultConfigurationIsVisible = 0;
			defaultConfigurationName = Release;
		};
		36CAFCAF20B018ED00E5F359 /* Build configuration list for PBXNativeTarget "MotionDetectionGame" */ = {
			isa = XCConfigurationList;
			buildConfigurations = (
				36CAFCB020B018ED00E5F359 /* Debug */,
				36CAFCB120B018ED00E5F359 /* Release */,
			);
			defaultConfigurationIsVisible = 0;
			defaultConfigurationName = Release;
		};
		36CAFCB220B018ED00E5F359 /* Build configuration list for PBXNativeTarget "MotionDetectionGameTests" */ = {
			isa = XCConfigurationList;
			buildConfigurations = (
				36CAFCB320B018ED00E5F359 /* Debug */,
				36CAFCB420B018ED00E5F359 /* Release */,
			);
			defaultConfigurationIsVisible = 0;
			defaultConfigurationName = Release;
		};
		36CAFCD320B01A5800E5F359 /* Build configuration list for PBXNativeTarget "MotionDetectionHandle" */ = {
			isa = XCConfigurationList;
			buildConfigurations = (
				36CAFCD420B01A5800E5F359 /* Debug */,
				36CAFCD520B01A5800E5F359 /* Release */,
			);
			defaultConfigurationIsVisible = 0;
			defaultConfigurationName = Release;
		};
		36CAFCD620B01A5800E5F359 /* Build configuration list for PBXNativeTarget "MotionDetectionHandleTests" */ = {
			isa = XCConfigurationList;
			buildConfigurations = (
				36CAFCD720B01A5800E5F359 /* Debug */,
				36CAFCD820B01A5800E5F359 /* Release */,
			);
			defaultConfigurationIsVisible = 0;
			defaultConfigurationName = Release;
		};
		36CAFD0420B03A0000E5F359 /* Build configuration list for PBXNativeTarget "Common" */ = {
			isa = XCConfigurationList;
			buildConfigurations = (
				36CAFD0520B03A0000E5F359 /* Debug */,
				36CAFD0620B03A0000E5F359 /* Release */,
			);
			defaultConfigurationIsVisible = 0;
			defaultConfigurationName = Release;
		};
		36CAFD0820B03A0000E5F359 /* Build configuration list for PBXNativeTarget "CommonTests" */ = {
			isa = XCConfigurationList;
			buildConfigurations = (
				36CAFD0920B03A0000E5F359 /* Debug */,
				36CAFD0A20B03A0000E5F359 /* Release */,
			);
			defaultConfigurationIsVisible = 0;
			defaultConfigurationName = Release;
		};
/* End XCConfigurationList section */
	};
	rootObject = 36CAFC8D20B018EB00E5F359 /* Project object */;
}
